
Microsoft Visual Studio Solution File, Format Version 12.00
# Visual Studio Version 17
VisualStudioVersion = 17.5.33414.496
MinimumVisualStudioVersion = 10.0.40219.1
Project("{FAE04EC0-301F-11D3-BF4B-00C04F79EFBC}") = "ef-code-first-tutorial", "ef-code-first-tutorial\ef-code-first-tutorial.csproj", "{94A94E0C-FF6D-453D-81D2-CC124D159E5D}"
EndProject
Global
	GlobalSection(SolutionConfigurationPlatforms) = preSolution
		Debug|Any CPU = Debug|Any CPU
		Release|Any CPU = Release|Any CPU
	EndGlobalSection
	GlobalSection(ProjectConfigurationPlatforms) = postSolution
		{94A94E0C-FF6D-453D-81D2-CC124D159E5D}.Debug|Any CPU.ActiveCfg = Debug|Any CPU
		{94A94E0C-FF6D-453D-81D2-CC124D159E5D}.Debug|Any CPU.Build.0 = Debug|Any CPU
		{94A94E0C-FF6D-453D-81D2-CC124D159E5D}.Release|Any CPU.ActiveCfg = Release|Any CPU
		{94A94E0C-FF6D-453D-81D2-CC124D159E5D}.Release|Any CPU.Build.0 = Release|Any CPU
	EndGlobalSection
	GlobalSection(SolutionProperties) = preSolution
		HideSolutionNode = FALSE
	EndGlobalSection
	GlobalSection(ExtensibilityGlobals) = postSolution
		SolutionGuid = {66D6DC31-752A-48C8-8AB3-5D4C5215A9D5}
	EndGlobalSection
EndGlobal
